<?xml version="1.0" encoding="utf-8"?>
<Project ToolsVersion="4.0" xmlns="http://schemas.microsoft.com/developer/msbuild/2003">
  <ItemGroup>
    <ClInclude Include="headers\plSolver.h">
      <Filter>Header Files</Filter>
    </ClInclude>
    <ClInclude Include="headers\spline.h">
      <Filter>Header Files</Filter>
    </ClInclude>
    <ClInclude Include="headers\transformTypes.cuh">
      <Filter>Header Files</Filter>
    </ClInclude>
    <ClInclude Include="headers\device\pl_slae.cuh" />
    <ClInclude Include="headers\device\polyroot.cuh" />
    <ClInclude Include="headers\device\residue.cuh" />
    <ClInclude Include="headers\device\transform.cuh" />
    <ClInclude Include="headers\kernel\batchedSolver.cuh" />
  </ItemGroup>
  <ItemGroup>
    <Filter Include="Header Files">
      <UniqueIdentifier>{0c2bba4b-7a0c-448e-96b4-9377fce006a6}</UniqueIdentifier>
    </Filter>
    <Filter Include="Source Files">
      <UniqueIdentifier>{aa95b2a1-b966-4b0c-a7a4-766010a93192}</UniqueIdentifier>
    </Filter>
  </ItemGroup>
  <ItemGroup>
    <CudaCompile Include="src\solver.cu" />
    <CudaCompile Include="src\device\pl_slae.cu" />
    <CudaCompile Include="src\device\polyroot.cu" />
    <CudaCompile Include="src\device\residue.cu" />
    <CudaCompile Include="src\device\transformSplines.cu" />
    <CudaCompile Include="src\device\transformTrapezia.cu" />
    <CudaCompile Include="src\kernel\batchedSolver.cu" />
  </ItemGroup>
  <ItemGroup>
    <ClCompile Include="src\spline.cpp">
      <Filter>Source Files</Filter>
    </ClCompile>
  </ItemGroup>
</Project>